
Microsoft Visual Studio Solution File, Format Version 12.00
# Visual Studio Version 16
VisualStudioVersion = 16.0.30907.101
MinimumVisualStudioVersion = 10.0.40219.1
Project("{9A19103F-16F7-4668-BE54-9A1E7A4F7556}") = "Chatty.Api", "..\Chatty\API\Chatty.Api\Chatty.Api.csproj", "{B503E8C2-261D-416C-8628-A3CC97ACD434}"
EndProject
Global
	GlobalSection(SolutionConfigurationPlatforms) = preSolution
		Debug|Any CPU = Debug|Any CPU
		Release|Any CPU = Release|Any CPU
	EndGlobalSection
	GlobalSection(ProjectConfigurationPlatforms) = postSolution
		{B503E8C2-261D-416C-8628-A3CC97ACD434}.Debug|Any CPU.ActiveCfg = Debug|Any CPU
		{B503E8C2-261D-416C-8628-A3CC97ACD434}.Debug|Any CPU.Build.0 = Debug|Any CPU
		{B503E8C2-261D-416C-8628-A3CC97ACD434}.Release|Any CPU.ActiveCfg = Release|Any CPU
		{B503E8C2-261D-416C-8628-A3CC97ACD434}.Release|Any CPU.Build.0 = Release|Any CPU
	EndGlobalSection
	GlobalSection(SolutionProperties) = preSolution
		HideSolutionNode = FALSE
	EndGlobalSection
	GlobalSection(ExtensibilityGlobals) = postSolution
		SolutionGuid = {F386C9AE-F43C-4007-AA52-451E688BB01E}
	EndGlobalSection
EndGlobal
