
Microsoft Visual Studio Solution File, Format Version 12.00
# Visual Studio Version 17
VisualStudioVersion = 17.6.33723.286
MinimumVisualStudioVersion = 10.0.40219.1
Project("{9A19103F-16F7-4668-BE54-9A1E7A4F7556}") = "MVC_Sample", "MVC_Sample\MVC_Sample.csproj", "{05F9B6D8-B84D-4AA2-8B2F-0B21DC8F7843}"
EndProject
Project("{9A19103F-16F7-4668-BE54-9A1E7A4F7556}") = "ViewModels", "ViewModels\ViewModels.csproj", "{DBCBB6A4-56FE-40B4-B7B9-001F732DE164}"
EndProject
Global
	GlobalSection(SolutionConfigurationPlatforms) = preSolution
		Debug|Any CPU = Debug|Any CPU
		Release|Any CPU = Release|Any CPU
	EndGlobalSection
	GlobalSection(ProjectConfigurationPlatforms) = postSolution
		{05F9B6D8-B84D-4AA2-8B2F-0B21DC8F7843}.Debug|Any CPU.ActiveCfg = Debug|Any CPU
		{05F9B6D8-B84D-4AA2-8B2F-0B21DC8F7843}.Debug|Any CPU.Build.0 = Debug|Any CPU
		{05F9B6D8-B84D-4AA2-8B2F-0B21DC8F7843}.Release|Any CPU.ActiveCfg = Release|Any CPU
		{05F9B6D8-B84D-4AA2-8B2F-0B21DC8F7843}.Release|Any CPU.Build.0 = Release|Any CPU
		{DBCBB6A4-56FE-40B4-B7B9-001F732DE164}.Debug|Any CPU.ActiveCfg = Debug|Any CPU
		{DBCBB6A4-56FE-40B4-B7B9-001F732DE164}.Debug|Any CPU.Build.0 = Debug|Any CPU
		{DBCBB6A4-56FE-40B4-B7B9-001F732DE164}.Release|Any CPU.ActiveCfg = Release|Any CPU
		{DBCBB6A4-56FE-40B4-B7B9-001F732DE164}.Release|Any CPU.Build.0 = Release|Any CPU
	EndGlobalSection
	GlobalSection(SolutionProperties) = preSolution
		HideSolutionNode = FALSE
	EndGlobalSection
	GlobalSection(ExtensibilityGlobals) = postSolution
		SolutionGuid = {39E5CEDA-E415-41D3-83A0-F43199492893}
	EndGlobalSection
EndGlobal
